
Microsoft Visual Studio Solution File, Format Version 12.00
# Visual Studio Version 17
VisualStudioVersion = 17.0.31903.59
MinimumVisualStudioVersion = 10.0.40219.1
Project("{2150E333-8FDC-42A3-9474-1A3956D46DE8}") = "src", "src", "{42289B58-BD4D-4A1E-BDEA-E8BC49EEE2EB}"
EndProject
Project("{2150E333-8FDC-42A3-9474-1A3956D46DE8}") = "Services", "Services", "{A394123E-4F38-4A47-BD24-415661974976}"
EndProject
Project("{2150E333-8FDC-42A3-9474-1A3956D46DE8}") = "BuildingBlocks", "BuildingBlocks", "{2628933D-2429-4CC7-897E-FA54D77756F9}"
EndProject
Project("{2150E333-8FDC-42A3-9474-1A3956D46DE8}") = "Admin", "Admin", "{DA299ED1-8EDD-4B0A-A14B-B082425B9AD2}"
EndProject
Project("{9A19103F-16F7-4668-BE54-9A1E7A4F7556}") = "Admin.Api", "Services\BackOfficeApi\Admin.Api.csproj", "{77F4CA22-7E75-46B8-BA6F-F0D5D8B95242}"
EndProject
Project("{2150E333-8FDC-42A3-9474-1A3956D46DE8}") = "EventBus", "EventBus", "{23123048-ED6C-46F1-953A-16ADE51FC845}"
EndProject
Project("{9A19103F-16F7-4668-BE54-9A1E7A4F7556}") = "EventBus", "BuildingBlocks\EventBus\EventBus.csproj", "{8E01BDB2-D0CF-4D4D-B296-6B1C3E1113E7}"
EndProject
Project("{9A19103F-16F7-4668-BE54-9A1E7A4F7556}") = "EventBusRabbitMQ", "BuildingBlocks\EventBusRabbitMQ\EventBusRabbitMQ.csproj", "{A2F1F308-2CEA-4EC2-B256-809F8E7DE3B8}"
EndProject
Project("{FAE04EC0-301F-11D3-BF4B-00C04F79EFBC}") = "EventBus.IoC", "EventBus.IoC\EventBus.IoC.csproj", "{91796699-7BB4-4E7B-B6BD-43A07B545C85}"
EndProject
Global
	GlobalSection(SolutionConfigurationPlatforms) = preSolution
		Debug|Any CPU = Debug|Any CPU
		Release|Any CPU = Release|Any CPU
	EndGlobalSection
	GlobalSection(ProjectConfigurationPlatforms) = postSolution
		{77F4CA22-7E75-46B8-BA6F-F0D5D8B95242}.Debug|Any CPU.ActiveCfg = Debug|Any CPU
		{77F4CA22-7E75-46B8-BA6F-F0D5D8B95242}.Debug|Any CPU.Build.0 = Debug|Any CPU
		{77F4CA22-7E75-46B8-BA6F-F0D5D8B95242}.Release|Any CPU.ActiveCfg = Release|Any CPU
		{77F4CA22-7E75-46B8-BA6F-F0D5D8B95242}.Release|Any CPU.Build.0 = Release|Any CPU
		{8E01BDB2-D0CF-4D4D-B296-6B1C3E1113E7}.Debug|Any CPU.ActiveCfg = Debug|Any CPU
		{8E01BDB2-D0CF-4D4D-B296-6B1C3E1113E7}.Debug|Any CPU.Build.0 = Debug|Any CPU
		{8E01BDB2-D0CF-4D4D-B296-6B1C3E1113E7}.Release|Any CPU.ActiveCfg = Release|Any CPU
		{8E01BDB2-D0CF-4D4D-B296-6B1C3E1113E7}.Release|Any CPU.Build.0 = Release|Any CPU
		{A2F1F308-2CEA-4EC2-B256-809F8E7DE3B8}.Debug|Any CPU.ActiveCfg = Debug|Any CPU
		{A2F1F308-2CEA-4EC2-B256-809F8E7DE3B8}.Debug|Any CPU.Build.0 = Debug|Any CPU
		{A2F1F308-2CEA-4EC2-B256-809F8E7DE3B8}.Release|Any CPU.ActiveCfg = Release|Any CPU
		{A2F1F308-2CEA-4EC2-B256-809F8E7DE3B8}.Release|Any CPU.Build.0 = Release|Any CPU
		{91796699-7BB4-4E7B-B6BD-43A07B545C85}.Debug|Any CPU.ActiveCfg = Debug|Any CPU
		{91796699-7BB4-4E7B-B6BD-43A07B545C85}.Debug|Any CPU.Build.0 = Debug|Any CPU
		{91796699-7BB4-4E7B-B6BD-43A07B545C85}.Release|Any CPU.ActiveCfg = Release|Any CPU
		{91796699-7BB4-4E7B-B6BD-43A07B545C85}.Release|Any CPU.Build.0 = Release|Any CPU
	EndGlobalSection
	GlobalSection(SolutionProperties) = preSolution
		HideSolutionNode = FALSE
	EndGlobalSection
	GlobalSection(NestedProjects) = preSolution
		{A394123E-4F38-4A47-BD24-415661974976} = {42289B58-BD4D-4A1E-BDEA-E8BC49EEE2EB}
		{2628933D-2429-4CC7-897E-FA54D77756F9} = {42289B58-BD4D-4A1E-BDEA-E8BC49EEE2EB}
		{DA299ED1-8EDD-4B0A-A14B-B082425B9AD2} = {A394123E-4F38-4A47-BD24-415661974976}
		{77F4CA22-7E75-46B8-BA6F-F0D5D8B95242} = {DA299ED1-8EDD-4B0A-A14B-B082425B9AD2}
		{23123048-ED6C-46F1-953A-16ADE51FC845} = {2628933D-2429-4CC7-897E-FA54D77756F9}
		{8E01BDB2-D0CF-4D4D-B296-6B1C3E1113E7} = {23123048-ED6C-46F1-953A-16ADE51FC845}
		{A2F1F308-2CEA-4EC2-B256-809F8E7DE3B8} = {23123048-ED6C-46F1-953A-16ADE51FC845}
		{91796699-7BB4-4E7B-B6BD-43A07B545C85} = {23123048-ED6C-46F1-953A-16ADE51FC845}
	EndGlobalSection
	GlobalSection(ExtensibilityGlobals) = postSolution
		SolutionGuid = {3B38AA81-F2B7-4C5C-B86A-367B8F41099E}
	EndGlobalSection
EndGlobal
